
Microsoft Visual Studio Solution File, Format Version 12.00
# Visual Studio 15
VisualStudioVersion = 15.0.28307.168
MinimumVisualStudioVersion = 10.0.40219.1
Project("{FAE04EC0-301F-11D3-BF4B-00C04F79EFBC}") = "DAM_CUPCAKES", "DAM_CUPCAKES\DAM_CUPCAKES.csproj", "{292B26E0-2F51-406D-BB7D-29AF0EF28CE6}"
EndProject
Global
	GlobalSection(SolutionConfigurationPlatforms) = preSolution
		Debug|Any CPU = Debug|Any CPU
		Release|Any CPU = Release|Any CPU
	EndGlobalSection
	GlobalSection(ProjectConfigurationPlatforms) = postSolution
		{292B26E0-2F51-406D-BB7D-29AF0EF28CE6}.Debug|Any CPU.ActiveCfg = Debug|Any CPU
		{292B26E0-2F51-406D-BB7D-29AF0EF28CE6}.Debug|Any CPU.Build.0 = Debug|Any CPU
		{292B26E0-2F51-406D-BB7D-29AF0EF28CE6}.Release|Any CPU.ActiveCfg = Release|Any CPU
		{292B26E0-2F51-406D-BB7D-29AF0EF28CE6}.Release|Any CPU.Build.0 = Release|Any CPU
	EndGlobalSection
	GlobalSection(SolutionProperties) = preSolution
		HideSolutionNode = FALSE
	EndGlobalSection
	GlobalSection(ExtensibilityGlobals) = postSolution
		SolutionGuid = {852679F1-D1FC-4A29-8213-B9A405C890EA}
	EndGlobalSection
EndGlobal
